// !$*UTF8*$!
{
	archiveVersion = 1;
	classes = {
	};
	objectVersion = 56;
	objects = {

/* Begin PBXBuildFile section */
		B01E22E32A7C246800F3555A /* ExcursionXApp.swift in Sources */ = {isa = PBXBuildFile; fileRef = B01E22E22A7C246800F3555A /* ExcursionXApp.swift */; };
		B01E22E72A7C246A00F3555A /* Assets.xcassets in Resources */ = {isa = PBXBuildFile; fileRef = B01E22E62A7C246A00F3555A /* Assets.xcassets */; };
		B01E22EA2A7C246A00F3555A /* Preview Assets.xcassets in Resources */ = {isa = PBXBuildFile; fileRef = B01E22E92A7C246A00F3555A /* Preview Assets.xcassets */; };
		B01E22F72A7C258300F3555A /* Login.swift in Sources */ = {isa = PBXBuildFile; fileRef = B01E22F62A7C258300F3555A /* Login.swift */; };
		B01E22F92A7C25B900F3555A /* Signup.swift in Sources */ = {isa = PBXBuildFile; fileRef = B01E22F82A7C25B900F3555A /* Signup.swift */; };
		B0C4D8682A7CC68B000FC3DC /* Home.swift in Sources */ = {isa = PBXBuildFile; fileRef = B0C4D8672A7CC68B000FC3DC /* Home.swift */; };
		B0E047602A7D79B6009DBBE7 /* GoogleService-Info.plist in Resources */ = {isa = PBXBuildFile; fileRef = B0E0475F2A7D79B6009DBBE7 /* GoogleService-Info.plist */; };
		B0E047632A7D8828009DBBE7 /* FirebaseAnalytics in Frameworks */ = {isa = PBXBuildFile; productRef = B0E047622A7D8828009DBBE7 /* FirebaseAnalytics */; };
		B0E047672A7D8828009DBBE7 /* FirebaseAnalyticsSwift in Frameworks */ = {isa = PBXBuildFile; productRef = B0E047662A7D8828009DBBE7 /* FirebaseAnalyticsSwift */; };
		B0E0476B2A7D8828009DBBE7 /* FirebaseAppCheck in Frameworks */ = {isa = PBXBuildFile; productRef = B0E0476A2A7D8828009DBBE7 /* FirebaseAppCheck */; };
		B0E0476F2A7D8828009DBBE7 /* FirebaseAuth in Frameworks */ = {isa = PBXBuildFile; productRef = B0E0476E2A7D8828009DBBE7 /* FirebaseAuth */; };
		B0E047752A7D8828009DBBE7 /* FirebaseDatabase in Frameworks */ = {isa = PBXBuildFile; productRef = B0E047742A7D8828009DBBE7 /* FirebaseDatabase */; };
		B0E047772A7D8828009DBBE7 /* FirebaseDatabaseSwift in Frameworks */ = {isa = PBXBuildFile; productRef = B0E047762A7D8828009DBBE7 /* FirebaseDatabaseSwift */; };
		B0E0477B2A7D8828009DBBE7 /* FirebaseFirestore in Frameworks */ = {isa = PBXBuildFile; productRef = B0E0477A2A7D8828009DBBE7 /* FirebaseFirestore */; };
		B0E0477F2A7D8828009DBBE7 /* FirebaseFirestoreSwift in Frameworks */ = {isa = PBXBuildFile; productRef = B0E0477E2A7D8828009DBBE7 /* FirebaseFirestoreSwift */; };
		B0E047812A7D8828009DBBE7 /* FirebaseFunctions in Frameworks */ = {isa = PBXBuildFile; productRef = B0E047802A7D8828009DBBE7 /* FirebaseFunctions */; };
		B0E047892A7D8828009DBBE7 /* FirebaseInstallations in Frameworks */ = {isa = PBXBuildFile; productRef = B0E047882A7D8828009DBBE7 /* FirebaseInstallations */; };
		B0E0478D2A7D8828009DBBE7 /* FirebaseMessaging in Frameworks */ = {isa = PBXBuildFile; productRef = B0E0478C2A7D8828009DBBE7 /* FirebaseMessaging */; };
		B0E047952A7D8828009DBBE7 /* FirebaseStorage in Frameworks */ = {isa = PBXBuildFile; productRef = B0E047942A7D8828009DBBE7 /* FirebaseStorage */; };
/* End PBXBuildFile section */

/* Begin PBXFileReference section */
		B01E22DF2A7C246800F3555A /* ExcursionX.app */ = {isa = PBXFileReference; explicitFileType = wrapper.application; includeInIndex = 0; path = ExcursionX.app; sourceTree = BUILT_PRODUCTS_DIR; };
		B01E22E22A7C246800F3555A /* ExcursionXApp.swift */ = {isa = PBXFileReference; lastKnownFileType = sourcecode.swift; path = ExcursionXApp.swift; sourceTree = "<group>"; };
		B01E22E62A7C246A00F3555A /* Assets.xcassets */ = {isa = PBXFileReference; lastKnownFileType = folder.assetcatalog; path = Assets.xcassets; sourceTree = "<group>"; };
		B01E22E92A7C246A00F3555A /* Preview Assets.xcassets */ = {isa = PBXFileReference; lastKnownFileType = folder.assetcatalog; path = "Preview Assets.xcassets"; sourceTree = "<group>"; };
		B01E22F62A7C258300F3555A /* Login.swift */ = {isa = PBXFileReference; lastKnownFileType = sourcecode.swift; path = Login.swift; sourceTree = "<group>"; };
		B01E22F82A7C25B900F3555A /* Signup.swift */ = {isa = PBXFileReference; lastKnownFileType = sourcecode.swift; path = Signup.swift; sourceTree = "<group>"; };
		B0C4D8672A7CC68B000FC3DC /* Home.swift */ = {isa = PBXFileReference; lastKnownFileType = sourcecode.swift; path = Home.swift; sourceTree = "<group>"; };
		B0E0475F2A7D79B6009DBBE7 /* GoogleService-Info.plist */ = {isa = PBXFileReference; fileEncoding = 4; lastKnownFileType = text.plist.xml; path = "GoogleService-Info.plist"; sourceTree = "<group>"; };
/* End PBXFileReference section */

/* Begin PBXFrameworksBuildPhase section */
		B01E22DC2A7C246800F3555A /* Frameworks */ = {
			isa = PBXFrameworksBuildPhase;
			buildActionMask = 2147483647;
			files = (
				B0E047752A7D8828009DBBE7 /* FirebaseDatabase in Frameworks */,
				B0E0477B2A7D8828009DBBE7 /* FirebaseFirestore in Frameworks */,
				B0E047672A7D8828009DBBE7 /* FirebaseAnalyticsSwift in Frameworks */,
				B0E047632A7D8828009DBBE7 /* FirebaseAnalytics in Frameworks */,
				B0E0477F2A7D8828009DBBE7 /* FirebaseFirestoreSwift in Frameworks */,
				B0E0476B2A7D8828009DBBE7 /* FirebaseAppCheck in Frameworks */,
				B0E0476F2A7D8828009DBBE7 /* FirebaseAuth in Frameworks */,
				B0E047772A7D8828009DBBE7 /* FirebaseDatabaseSwift in Frameworks */,
				B0E047812A7D8828009DBBE7 /* FirebaseFunctions in Frameworks */,
				B0E047952A7D8828009DBBE7 /* FirebaseStorage in Frameworks */,
				B0E0478D2A7D8828009DBBE7 /* FirebaseMessaging in Frameworks */,
				B0E047892A7D8828009DBBE7 /* FirebaseInstallations in Frameworks */,
			);
			runOnlyForDeploymentPostprocessing = 0;
		};
/* End PBXFrameworksBuildPhase section */

/* Begin PBXGroup section */
		B01E22D62A7C246800F3555A = {
			isa = PBXGroup;
			children = (
				B01E22F32A7C24B100F3555A /* Model */,
				B01E22F22A7C24A300F3555A /* View */,
				B01E22F12A7C249400F3555A /* ModelView */,
				B01E22E12A7C246800F3555A /* ExcursionX */,
				B01E22E02A7C246800F3555A /* Products */,
			);
			sourceTree = "<group>";
		};
		B01E22E02A7C246800F3555A /* Products */ = {
			isa = PBXGroup;
			children = (
				B01E22DF2A7C246800F3555A /* ExcursionX.app */,
			);
			name = Products;
			sourceTree = "<group>";
		};
		B01E22E12A7C246800F3555A /* ExcursionX */ = {
			isa = PBXGroup;
			children = (
				B01E22E22A7C246800F3555A /* ExcursionXApp.swift */,
				B01E22E62A7C246A00F3555A /* Assets.xcassets */,
				B01E22E82A7C246A00F3555A /* Preview Content */,
			);
			path = ExcursionX;
			sourceTree = "<group>";
		};
		B01E22E82A7C246A00F3555A /* Preview Content */ = {
			isa = PBXGroup;
			children = (
				B01E22E92A7C246A00F3555A /* Preview Assets.xcassets */,
			);
			path = "Preview Content";
			sourceTree = "<group>";
		};
		B01E22F12A7C249400F3555A /* ModelView */ = {
			isa = PBXGroup;
			children = (
			);
			path = ModelView;
			sourceTree = "<group>";
		};
		B01E22F22A7C24A300F3555A /* View */ = {
			isa = PBXGroup;
			children = (
				B01E22F62A7C258300F3555A /* Login.swift */,
				B01E22F82A7C25B900F3555A /* Signup.swift */,
				B0C4D8672A7CC68B000FC3DC /* Home.swift */,
				B0E0475F2A7D79B6009DBBE7 /* GoogleService-Info.plist */,
			);
			path = View;
			sourceTree = "<group>";
		};
		B01E22F32A7C24B100F3555A /* Model */ = {
			isa = PBXGroup;
			children = (
			);
			path = Model;
			sourceTree = "<group>";
		};
/* End PBXGroup section */

/* Begin PBXNativeTarget section */
		B01E22DE2A7C246800F3555A /* ExcursionX */ = {
			isa = PBXNativeTarget;
			buildConfigurationList = B01E22ED2A7C246A00F3555A /* Build configuration list for PBXNativeTarget "ExcursionX" */;
			buildPhases = (
				B01E22DB2A7C246800F3555A /* Sources */,
				B01E22DC2A7C246800F3555A /* Frameworks */,
				B01E22DD2A7C246800F3555A /* Resources */,
			);
			buildRules = (
			);
			dependencies = (
			);
			name = ExcursionX;
			packageProductDependencies = (
				B0E047622A7D8828009DBBE7 /* FirebaseAnalytics */,
				B0E047662A7D8828009DBBE7 /* FirebaseAnalyticsSwift */,
				B0E0476A2A7D8828009DBBE7 /* FirebaseAppCheck */,
				B0E0476E2A7D8828009DBBE7 /* FirebaseAuth */,
				B0E047742A7D8828009DBBE7 /* FirebaseDatabase */,
				B0E047762A7D8828009DBBE7 /* FirebaseDatabaseSwift */,
				B0E0477A2A7D8828009DBBE7 /* FirebaseFirestore */,
				B0E0477E2A7D8828009DBBE7 /* FirebaseFirestoreSwift */,
				B0E047802A7D8828009DBBE7 /* FirebaseFunctions */,
				B0E047882A7D8828009DBBE7 /* FirebaseInstallations */,
				B0E0478C2A7D8828009DBBE7 /* FirebaseMessaging */,
				B0E047942A7D8828009DBBE7 /* FirebaseStorage */,
			);
			productName = ExcursionX;
			productReference = B01E22DF2A7C246800F3555A /* ExcursionX.app */;
			productType = "com.apple.product-type.application";
		};
/* End PBXNativeTarget section */

/* Begin PBXProject section */
		B01E22D72A7C246800F3555A /* Project object */ = {
			isa = PBXProject;
			attributes = {
				BuildIndependentTargetsInParallel = 1;
				LastSwiftUpdateCheck = 1430;
				LastUpgradeCheck = 1430;
				TargetAttributes = {
					B01E22DE2A7C246800F3555A = {
						CreatedOnToolsVersion = 14.3.1;
					};
				};
			};
			buildConfigurationList = B01E22DA2A7C246800F3555A /* Build configuration list for PBXProject "ExcursionX" */;
			compatibilityVersion = "Xcode 14.0";
			developmentRegion = en;
			hasScannedForEncodings = 0;
			knownRegions = (
				en,
				Base,
			);
			mainGroup = B01E22D62A7C246800F3555A;
			packageReferences = (
				B0E047612A7D8827009DBBE7 /* XCRemoteSwiftPackageReference "firebase-ios-sdk" */,
			);
			productRefGroup = B01E22E02A7C246800F3555A /* Products */;
			projectDirPath = "";
			projectRoot = "";
			targets = (
				B01E22DE2A7C246800F3555A /* ExcursionX */,
			);
		};
/* End PBXProject section */

/* Begin PBXResourcesBuildPhase section */
		B01E22DD2A7C246800F3555A /* Resources */ = {
			isa = PBXResourcesBuildPhase;
			buildActionMask = 2147483647;
			files = (
				B01E22EA2A7C246A00F3555A /* Preview Assets.xcassets in Resources */,
				B01E22E72A7C246A00F3555A /* Assets.xcassets in Resources */,
				B0E047602A7D79B6009DBBE7 /* GoogleService-Info.plist in Resources */,
			);
			runOnlyForDeploymentPostprocessing = 0;
		};
/* End PBXResourcesBuildPhase section */

/* Begin PBXSourcesBuildPhase section */
		B01E22DB2A7C246800F3555A /* Sources */ = {
			isa = PBXSourcesBuildPhase;
			buildActionMask = 2147483647;
			files = (
				B01E22E32A7C246800F3555A /* ExcursionXApp.swift in Sources */,
				B01E22F72A7C258300F3555A /* Login.swift in Sources */,
				B0C4D8682A7CC68B000FC3DC /* Home.swift in Sources */,
				B01E22F92A7C25B900F3555A /* Signup.swift in Sources */,
			);
			runOnlyForDeploymentPostprocessing = 0;
		};
/* End PBXSourcesBuildPhase section */

/* Begin XCBuildConfiguration section */
		B01E22EB2A7C246A00F3555A /* Debug */ = {
			isa = XCBuildConfiguration;
			buildSettings = {
				ALWAYS_SEARCH_USER_PATHS = NO;
				CLANG_ANALYZER_NONNULL = YES;
				CLANG_ANALYZER_NUMBER_OBJECT_CONVERSION = YES_AGGRESSIVE;
				CLANG_CXX_LANGUAGE_STANDARD = "gnu++20";
				CLANG_ENABLE_MODULES = YES;
				CLANG_ENABLE_OBJC_ARC = YES;
				CLANG_ENABLE_OBJC_WEAK = YES;
				CLANG_WARN_BLOCK_CAPTURE_AUTORELEASING = YES;
				CLANG_WARN_BOOL_CONVERSION = YES;
				CLANG_WARN_COMMA = YES;
				CLANG_WARN_CONSTANT_CONVERSION = YES;
				CLANG_WARN_DEPRECATED_OBJC_IMPLEMENTATIONS = YES;
				CLANG_WARN_DIRECT_OBJC_ISA_USAGE = YES_ERROR;
				CLANG_WARN_DOCUMENTATION_COMMENTS = YES;
				CLANG_WARN_EMPTY_BODY = YES;
				CLANG_WARN_ENUM_CONVERSION = YES;
				CLANG_WARN_INFINITE_RECURSION = YES;
				CLANG_WARN_INT_CONVERSION = YES;
				CLANG_WARN_NON_LITERAL_NULL_CONVERSION = YES;
				CLANG_WARN_OBJC_IMPLICIT_RETAIN_SELF = YES;
				CLANG_WARN_OBJC_LITERAL_CONVERSION = YES;
				CLANG_WARN_OBJC_ROOT_CLASS = YES_ERROR;
				CLANG_WARN_QUOTED_INCLUDE_IN_FRAMEWORK_HEADER = YES;
				CLANG_WARN_RANGE_LOOP_ANALYSIS = YES;
				CLANG_WARN_STRICT_PROTOTYPES = YES;
				CLANG_WARN_SUSPICIOUS_MOVE = YES;
				CLANG_WARN_UNGUARDED_AVAILABILITY = YES_AGGRESSIVE;
				CLANG_WARN_UNREACHABLE_CODE = YES;
				CLANG_WARN__DUPLICATE_METHOD_MATCH = YES;
				COPY_PHASE_STRIP = NO;
				DEBUG_INFORMATION_FORMAT = dwarf;
				ENABLE_STRICT_OBJC_MSGSEND = YES;
				ENABLE_TESTABILITY = YES;
				GCC_C_LANGUAGE_STANDARD = gnu11;
				GCC_DYNAMIC_NO_PIC = NO;
				GCC_NO_COMMON_BLOCKS = YES;
				GCC_OPTIMIZATION_LEVEL = 0;
				GCC_PREPROCESSOR_DEFINITIONS = (
					"DEBUG=1",
					"$(inherited)",
				);
				GCC_WARN_64_TO_32_BIT_CONVERSION = YES;
				GCC_WARN_ABOUT_RETURN_TYPE = YES_ERROR;
				GCC_WARN_UNDECLARED_SELECTOR = YES;
				GCC_WARN_UNINITIALIZED_AUTOS = YES_AGGRESSIVE;
				GCC_WARN_UNUSED_FUNCTION = YES;
				GCC_WARN_UNUSED_VARIABLE = YES;
				IPHONEOS_DEPLOYMENT_TARGET = 16.4;
				MTL_ENABLE_DEBUG_INFO = INCLUDE_SOURCE;
				MTL_FAST_MATH = YES;
				ONLY_ACTIVE_ARCH = YES;
				SDKROOT = iphoneos;
				SWIFT_ACTIVE_COMPILATION_CONDITIONS = DEBUG;
				SWIFT_OPTIMIZATION_LEVEL = "-Onone";
			};
			name = Debug;
		};
		B01E22EC2A7C246A00F3555A /* Release */ = {
			isa = XCBuildConfiguration;
			buildSettings = {
				ALWAYS_SEARCH_USER_PATHS = NO;
				CLANG_ANALYZER_NONNULL = YES;
				CLANG_ANALYZER_NUMBER_OBJECT_CONVERSION = YES_AGGRESSIVE;
				CLANG_CXX_LANGUAGE_STANDARD = "gnu++20";
				CLANG_ENABLE_MODULES = YES;
				CLANG_ENABLE_OBJC_ARC = YES;
				CLANG_ENABLE_OBJC_WEAK = YES;
				CLANG_WARN_BLOCK_CAPTURE_AUTORELEASING = YES;
				CLANG_WARN_BOOL_CONVERSION = YES;
				CLANG_WARN_COMMA = YES;
				CLANG_WARN_CONSTANT_CONVERSION = YES;
				CLANG_WARN_DEPRECATED_OBJC_IMPLEMENTATIONS = YES;
				CLANG_WARN_DIRECT_OBJC_ISA_USAGE = YES_ERROR;
				CLANG_WARN_DOCUMENTATION_COMMENTS = YES;
				CLANG_WARN_EMPTY_BODY = YES;
				CLANG_WARN_ENUM_CONVERSION = YES;
				CLANG_WARN_INFINITE_RECURSION = YES;
				CLANG_WARN_INT_CONVERSION = YES;
				CLANG_WARN_NON_LITERAL_NULL_CONVERSION = YES;
				CLANG_WARN_OBJC_IMPLICIT_RETAIN_SELF = YES;
				CLANG_WARN_OBJC_LITERAL_CONVERSION = YES;
				CLANG_WARN_OBJC_ROOT_CLASS = YES_ERROR;
				CLANG_WARN_QUOTED_INCLUDE_IN_FRAMEWORK_HEADER = YES;
				CLANG_WARN_RANGE_LOOP_ANALYSIS = YES;
				CLANG_WARN_STRICT_PROTOTYPES = YES;
				CLANG_WARN_SUSPICIOUS_MOVE = YES;
				CLANG_WARN_UNGUARDED_AVAILABILITY = YES_AGGRESSIVE;
				CLANG_WARN_UNREACHABLE_CODE = YES;
				CLANG_WARN__DUPLICATE_METHOD_MATCH = YES;
				COPY_PHASE_STRIP = NO;
				DEBUG_INFORMATION_FORMAT = "dwarf-with-dsym";
				ENABLE_NS_ASSERTIONS = NO;
				ENABLE_STRICT_OBJC_MSGSEND = YES;
				GCC_C_LANGUAGE_STANDARD = gnu11;
				GCC_NO_COMMON_BLOCKS = YES;
				GCC_WARN_64_TO_32_BIT_CONVERSION = YES;
				GCC_WARN_ABOUT_RETURN_TYPE = YES_ERROR;
				GCC_WARN_UNDECLARED_SELECTOR = YES;
				GCC_WARN_UNINITIALIZED_AUTOS = YES_AGGRESSIVE;
				GCC_WARN_UNUSED_FUNCTION = YES;
				GCC_WARN_UNUSED_VARIABLE = YES;
				IPHONEOS_DEPLOYMENT_TARGET = 16.4;
				MTL_ENABLE_DEBUG_INFO = NO;
				MTL_FAST_MATH = YES;
				SDKROOT = iphoneos;
				SWIFT_COMPILATION_MODE = wholemodule;
				SWIFT_OPTIMIZATION_LEVEL = "-O";
				VALIDATE_PRODUCT = YES;
			};
			name = Release;
		};
		B01E22EE2A7C246A00F3555A /* Debug */ = {
			isa = XCBuildConfiguration;
			buildSettings = {
				ASSETCATALOG_COMPILER_APPICON_NAME = AppIcon;
				ASSETCATALOG_COMPILER_GLOBAL_ACCENT_COLOR_NAME = AccentColor;
				ASSETCATALOG_COMPILER_INCLUDE_ALL_APPICON_ASSETS = NO;
				CODE_SIGN_STYLE = Automatic;
				CURRENT_PROJECT_VERSION = 1;
				DEVELOPMENT_ASSET_PATHS = "\"ExcursionX/Preview Content\"";
				DEVELOPMENT_TEAM = Y9839HDKNL;
				ENABLE_PREVIEWS = YES;
				GENERATE_INFOPLIST_FILE = YES;
				INFOPLIST_KEY_UIApplicationSceneManifest_Generation = YES;
				INFOPLIST_KEY_UIApplicationSupportsIndirectInputEvents = YES;
				INFOPLIST_KEY_UILaunchScreen_Generation = YES;
				INFOPLIST_KEY_UISupportedInterfaceOrientations_iPad = "UIInterfaceOrientationPortrait UIInterfaceOrientationPortraitUpsideDown UIInterfaceOrientationLandscapeLeft UIInterfaceOrientationLandscapeRight";
				INFOPLIST_KEY_UISupportedInterfaceOrientations_iPhone = "UIInterfaceOrientationPortrait UIInterfaceOrientationLandscapeLeft UIInterfaceOrientationLandscapeRight";
				IPHONEOS_DEPLOYMENT_TARGET = 16.4;
				LD_RUNPATH_SEARCH_PATHS = (
					"$(inherited)",
					"@executable_path/Frameworks",
				);
				MARKETING_VERSION = 1.0;
				PRODUCT_BUNDLE_IDENTIFIER = com.sezan.ExcursionX;
				PRODUCT_NAME = "$(TARGET_NAME)";
				SWIFT_EMIT_LOC_STRINGS = YES;
				SWIFT_VERSION = 5.0;
				TARGETED_DEVICE_FAMILY = "1,2";
			};
			name = Debug;
		};
		B01E22EF2A7C246A00F3555A /* Release */ = {
			isa = XCBuildConfiguration;
			buildSettings = {
				ASSETCATALOG_COMPILER_APPICON_NAME = AppIcon;
				ASSETCATALOG_COMPILER_GLOBAL_ACCENT_COLOR_NAME = AccentColor;
				ASSETCATALOG_COMPILER_INCLUDE_ALL_APPICON_ASSETS = NO;
				CODE_SIGN_STYLE = Automatic;
				CURRENT_PROJECT_VERSION = 1;
				DEVELOPMENT_ASSET_PATHS = "\"ExcursionX/Preview Content\"";
				DEVELOPMENT_TEAM = Y9839HDKNL;
				ENABLE_PREVIEWS = YES;
				GENERATE_INFOPLIST_FILE = YES;
				INFOPLIST_KEY_UIApplicationSceneManifest_Generation = YES;
				INFOPLIST_KEY_UIApplicationSupportsIndirectInputEvents = YES;
				INFOPLIST_KEY_UILaunchScreen_Generation = YES;
				INFOPLIST_KEY_UISupportedInterfaceOrientations_iPad = "UIInterfaceOrientationPortrait UIInterfaceOrientationPortraitUpsideDown UIInterfaceOrientationLandscapeLeft UIInterfaceOrientationLandscapeRight";
				INFOPLIST_KEY_UISupportedInterfaceOrientations_iPhone = "UIInterfaceOrientationPortrait UIInterfaceOrientationLandscapeLeft UIInterfaceOrientationLandscapeRight";
				IPHONEOS_DEPLOYMENT_TARGET = 16.4;
				LD_RUNPATH_SEARCH_PATHS = (
					"$(inherited)",
					"@executable_path/Frameworks",
				);
				MARKETING_VERSION = 1.0;
				PRODUCT_BUNDLE_IDENTIFIER = com.sezan.ExcursionX;
				PRODUCT_NAME = "$(TARGET_NAME)";
				SWIFT_EMIT_LOC_STRINGS = YES;
				SWIFT_VERSION = 5.0;
				TARGETED_DEVICE_FAMILY = "1,2";
			};
			name = Release;
		};
/* End XCBuildConfiguration section */

/* Begin XCConfigurationList section */
		B01E22DA2A7C246800F3555A /* Build configuration list for PBXProject "ExcursionX" */ = {
			isa = XCConfigurationList;
			buildConfigurations = (
				B01E22EB2A7C246A00F3555A /* Debug */,
				B01E22EC2A7C246A00F3555A /* Release */,
			);
			defaultConfigurationIsVisible = 0;
			defaultConfigurationName = Release;
		};
		B01E22ED2A7C246A00F3555A /* Build configuration list for PBXNativeTarget "ExcursionX" */ = {
			isa = XCConfigurationList;
			buildConfigurations = (
				B01E22EE2A7C246A00F3555A /* Debug */,
				B01E22EF2A7C246A00F3555A /* Release */,
			);
			defaultConfigurationIsVisible = 0;
			defaultConfigurationName = Release;
		};
/* End XCConfigurationList section */

/* Begin XCRemoteSwiftPackageReference section */
		B0E047612A7D8827009DBBE7 /* XCRemoteSwiftPackageReference "firebase-ios-sdk" */ = {
			isa = XCRemoteSwiftPackageReference;
			repositoryURL = "https://github.com/firebase/firebase-ios-sdk";
			requirement = {
				kind = upToNextMajorVersion;
				minimumVersion = 10.0.0;
			};
		};
/* End XCRemoteSwiftPackageReference section */

/* Begin XCSwiftPackageProductDependency section */
		B0E047622A7D8828009DBBE7 /* FirebaseAnalytics */ = {
			isa = XCSwiftPackageProductDependency;
			package = B0E047612A7D8827009DBBE7 /* XCRemoteSwiftPackageReference "firebase-ios-sdk" */;
			productName = FirebaseAnalytics;
		};
		B0E047662A7D8828009DBBE7 /* FirebaseAnalyticsSwift */ = {
			isa = XCSwiftPackageProductDependency;
			package = B0E047612A7D8827009DBBE7 /* XCRemoteSwiftPackageReference "firebase-ios-sdk" */;
			productName = FirebaseAnalyticsSwift;
		};
		B0E0476A2A7D8828009DBBE7 /* FirebaseAppCheck */ = {
			isa = XCSwiftPackageProductDependency;
			package = B0E047612A7D8827009DBBE7 /* XCRemoteSwiftPackageReference "firebase-ios-sdk" */;
			productName = FirebaseAppCheck;
		};
		B0E0476E2A7D8828009DBBE7 /* FirebaseAuth */ = {
			isa = XCSwiftPackageProductDependency;
			package = B0E047612A7D8827009DBBE7 /* XCRemoteSwiftPackageReference "firebase-ios-sdk" */;
			productName = FirebaseAuth;
		};
		B0E047742A7D8828009DBBE7 /* FirebaseDatabase */ = {
			isa = XCSwiftPackageProductDependency;
			package = B0E047612A7D8827009DBBE7 /* XCRemoteSwiftPackageReference "firebase-ios-sdk" */;
			productName = FirebaseDatabase;
		};
		B0E047762A7D8828009DBBE7 /* FirebaseDatabaseSwift */ = {
			isa = XCSwiftPackageProductDependency;
			package = B0E047612A7D8827009DBBE7 /* XCRemoteSwiftPackageReference "firebase-ios-sdk" */;
			productName = FirebaseDatabaseSwift;
		};
		B0E0477A2A7D8828009DBBE7 /* FirebaseFirestore */ = {
			isa = XCSwiftPackageProductDependency;
			package = B0E047612A7D8827009DBBE7 /* XCRemoteSwiftPackageReference "firebase-ios-sdk" */;
			productName = FirebaseFirestore;
		};
		B0E0477E2A7D8828009DBBE7 /* FirebaseFirestoreSwift */ = {
			isa = XCSwiftPackageProductDependency;
			package = B0E047612A7D8827009DBBE7 /* XCRemoteSwiftPackageReference "firebase-ios-sdk" */;
			productName = FirebaseFirestoreSwift;
		};
		B0E047802A7D8828009DBBE7 /* FirebaseFunctions */ = {
			isa = XCSwiftPackageProductDependency;
			package = B0E047612A7D8827009DBBE7 /* XCRemoteSwiftPackageReference "firebase-ios-sdk" */;
			productName = FirebaseFunctions;
		};
		B0E047882A7D8828009DBBE7 /* FirebaseInstallations */ = {
			isa = XCSwiftPackageProductDependency;
			package = B0E047612A7D8827009DBBE7 /* XCRemoteSwiftPackageReference "firebase-ios-sdk" */;
			productName = FirebaseInstallations;
		};
		B0E0478C2A7D8828009DBBE7 /* FirebaseMessaging */ = {
			isa = XCSwiftPackageProductDependency;
			package = B0E047612A7D8827009DBBE7 /* XCRemoteSwiftPackageReference "firebase-ios-sdk" */;
			productName = FirebaseMessaging;
		};
		B0E047942A7D8828009DBBE7 /* FirebaseStorage */ = {
			isa = XCSwiftPackageProductDependency;
			package = B0E047612A7D8827009DBBE7 /* XCRemoteSwiftPackageReference "firebase-ios-sdk" */;
			productName = FirebaseStorage;
		};
/* End XCSwiftPackageProductDependency section */
	};
	rootObject = B01E22D72A7C246800F3555A /* Project object */;
}
